// !$*UTF8*$!
{
	archiveVersion = 1;
	classes = {
	};
	objectVersion = 46;
	objects = {

/* Begin PBXBuildFile section */
		CC33ED46190E309A00451C49 /* AddressForm.m in Sources */ = {isa = PBXBuildFile; fileRef = CC33ED45190E309A00451C49 /* AddressForm.m */; };
		CCA3D70E1906475900A13FBE /* Foundation.framework in Frameworks */ = {isa = PBXBuildFile; fileRef = CCA3D70D1906475900A13FBE /* Foundation.framework */; };
		CCA3D7101906475900A13FBE /* CoreGraphics.framework in Frameworks */ = {isa = PBXBuildFile; fileRef = CCA3D70F1906475900A13FBE /* CoreGraphics.framework */; };
		CCA3D7121906475900A13FBE /* UIKit.framework in Frameworks */ = {isa = PBXBuildFile; fileRef = CCA3D7111906475900A13FBE /* UIKit.framework */; };
		CCA3D7181906475900A13FBE /* InfoPlist.strings in Resources */ = {isa = PBXBuildFile; fileRef = CCA3D7161906475900A13FBE /* InfoPlist.strings */; };
		CCA3D71A1906475900A13FBE /* main.m in Sources */ = {isa = PBXBuildFile; fileRef = CCA3D7191906475900A13FBE /* main.m */; };
		CCA3D73F190647BB00A13FBE /* FXForms.m in Sources */ = {isa = PBXBuildFile; fileRef = CCA3D73E190647BB00A13FBE /* FXForms.m */; };
		CCA3D7481906487500A13FBE /* AppDelegate.m in Sources */ = {isa = PBXBuildFile; fileRef = CCA3D7471906487500A13FBE /* AppDelegate.m */; };
		CCA3D74B190648A800A13FBE /* FormViewController.m in Sources */ = {isa = PBXBuildFile; fileRef = CCA3D74A190648A800A13FBE /* FormViewController.m */; };
		CCA3D74D1906496400A13FBE /* Images.xcassets in Resources */ = {isa = PBXBuildFile; fileRef = CCA3D74C1906496400A13FBE /* Images.xcassets */; };
		CCA3D75119064AF000A13FBE /* InformationForm.m in Sources */ = {isa = PBXBuildFile; fileRef = CCA3D75019064AF000A13FBE /* InformationForm.m */; };
/* End PBXBuildFile section */

/* Begin PBXFileReference section */
		CC33ED44190E309A00451C49 /* AddressForm.h */ = {isa = PBXFileReference; fileEncoding = 4; lastKnownFileType = sourcecode.c.h; path = AddressForm.h; sourceTree = "<group>"; };
		CC33ED45190E309A00451C49 /* AddressForm.m */ = {isa = PBXFileReference; fileEncoding = 4; lastKnownFileType = sourcecode.c.objc; path = AddressForm.m; sourceTree = "<group>"; };
		CCA3D70A1906475900A13FBE /* OneToManyExample.app */ = {isa = PBXFileReference; explicitFileType = wrapper.application; includeInIndex = 0; path = OneToManyExample.app; sourceTree = BUILT_PRODUCTS_DIR; };
		CCA3D70D1906475900A13FBE /* Foundation.framework */ = {isa = PBXFileReference; lastKnownFileType = wrapper.framework; name = Foundation.framework; path = System/Library/Frameworks/Foundation.framework; sourceTree = SDKROOT; };
		CCA3D70F1906475900A13FBE /* CoreGraphics.framework */ = {isa = PBXFileReference; lastKnownFileType = wrapper.framework; name = CoreGraphics.framework; path = System/Library/Frameworks/CoreGraphics.framework; sourceTree = SDKROOT; };
		CCA3D7111906475900A13FBE /* UIKit.framework */ = {isa = PBXFileReference; lastKnownFileType = wrapper.framework; name = UIKit.framework; path = System/Library/Frameworks/UIKit.framework; sourceTree = SDKROOT; };
		CCA3D7151906475900A13FBE /* OneToManyExample-Info.plist */ = {isa = PBXFileReference; lastKnownFileType = text.plist.xml; path = "OneToManyExample-Info.plist"; sourceTree = "<group>"; };
		CCA3D7171906475900A13FBE /* en */ = {isa = PBXFileReference; lastKnownFileType = text.plist.strings; name = en; path = en.lproj/InfoPlist.strings; sourceTree = "<group>"; };
		CCA3D7191906475900A13FBE /* main.m */ = {isa = PBXFileReference; lastKnownFileType = sourcecode.c.objc; path = main.m; sourceTree = "<group>"; };
		CCA3D71B1906475900A13FBE /* OneToManyExample-Prefix.pch */ = {isa = PBXFileReference; lastKnownFileType = sourcecode.c.h; path = "OneToManyExample-Prefix.pch"; sourceTree = "<group>"; };
		CCA3D7261906475900A13FBE /* XCTest.framework */ = {isa = PBXFileReference; lastKnownFileType = wrapper.framework; name = XCTest.framework; path = Library/Frameworks/XCTest.framework; sourceTree = DEVELOPER_DIR; };
		CCA3D73D190647BB00A13FBE /* FXForms.h */ = {isa = PBXFileReference; fileEncoding = 4; lastKnownFileType = sourcecode.c.h; path = FXForms.h; sourceTree = "<group>"; };
		CCA3D73E190647BB00A13FBE /* FXForms.m */ = {isa = PBXFileReference; fileEncoding = 4; lastKnownFileType = sourcecode.c.objc; path = FXForms.m; sourceTree = "<group>"; };
		CCA3D7461906487500A13FBE /* AppDelegate.h */ = {isa = PBXFileReference; fileEncoding = 4; lastKnownFileType = sourcecode.c.h; path = AppDelegate.h; sourceTree = "<group>"; };
		CCA3D7471906487500A13FBE /* AppDelegate.m */ = {isa = PBXFileReference; fileEncoding = 4; lastKnownFileType = sourcecode.c.objc; path = AppDelegate.m; sourceTree = "<group>"; };
		CCA3D749190648A800A13FBE /* FormViewController.h */ = {isa = PBXFileReference; fileEncoding = 4; lastKnownFileType = sourcecode.c.h; path = FormViewController.h; sourceTree = "<group>"; };
		CCA3D74A190648A800A13FBE /* FormViewController.m */ = {isa = PBXFileReference; fileEncoding = 4; lastKnownFileType = sourcecode.c.objc; path = FormViewController.m; sourceTree = "<group>"; };
		CCA3D74C1906496400A13FBE /* Images.xcassets */ = {isa = PBXFileReference; lastKnownFileType = folder.assetcatalog; path = Images.xcassets; sourceTree = "<group>"; };
		CCA3D74F19064AF000A13FBE /* InformationForm.h */ = {isa = PBXFileReference; fileEncoding = 4; lastKnownFileType = sourcecode.c.h; path = InformationForm.h; sourceTree = "<group>"; };
		CCA3D75019064AF000A13FBE /* InformationForm.m */ = {isa = PBXFileReference; fileEncoding = 4; lastKnownFileType = sourcecode.c.objc; path = InformationForm.m; sourceTree = "<group>"; };
/* End PBXFileReference section */

/* Begin PBXFrameworksBuildPhase section */
		CCA3D7071906475900A13FBE /* Frameworks */ = {
			isa = PBXFrameworksBuildPhase;
			buildActionMask = 2147483647;
			files = (
				CCA3D7101906475900A13FBE /* CoreGraphics.framework in Frameworks */,
				CCA3D7121906475900A13FBE /* UIKit.framework in Frameworks */,
				CCA3D70E1906475900A13FBE /* Foundation.framework in Frameworks */,
			);
			runOnlyForDeploymentPostprocessing = 0;
		};
/* End PBXFrameworksBuildPhase section */

/* Begin PBXGroup section */
		CCA3D7011906475900A13FBE = {
			isa = PBXGroup;
			children = (
				CCA3D73C1906477E00A13FBE /* FXForms */,
				CCA3D7131906475900A13FBE /* Classes */,
				CCA3D70C1906475900A13FBE /* Frameworks */,
				CCA3D70B1906475900A13FBE /* Products */,
			);
			sourceTree = "<group>";
		};
		CCA3D70B1906475900A13FBE /* Products */ = {
			isa = PBXGroup;
			children = (
				CCA3D70A1906475900A13FBE /* OneToManyExample.app */,
			);
			name = Products;
			sourceTree = "<group>";
		};
		CCA3D70C1906475900A13FBE /* Frameworks */ = {
			isa = PBXGroup;
			children = (
				CCA3D70D1906475900A13FBE /* Foundation.framework */,
				CCA3D70F1906475900A13FBE /* CoreGraphics.framework */,
				CCA3D7111906475900A13FBE /* UIKit.framework */,
				CCA3D7261906475900A13FBE /* XCTest.framework */,
			);
			name = Frameworks;
			sourceTree = "<group>";
		};
		CCA3D7131906475900A13FBE /* Classes */ = {
			isa = PBXGroup;
			children = (
				CCA3D74E19064AD600A13FBE /* Models */,
				CCA3D74C1906496400A13FBE /* Images.xcassets */,
				CCA3D7451906486B00A13FBE /* Controllers */,
				CCA3D7141906475900A13FBE /* Supporting Files */,
			);
			path = Classes;
			sourceTree = "<group>";
		};
		CCA3D7141906475900A13FBE /* Supporting Files */ = {
			isa = PBXGroup;
			children = (
				CCA3D7151906475900A13FBE /* OneToManyExample-Info.plist */,
				CCA3D7161906475900A13FBE /* InfoPlist.strings */,
				CCA3D7191906475900A13FBE /* main.m */,
				CCA3D71B1906475900A13FBE /* OneToManyExample-Prefix.pch */,
			);
			name = "Supporting Files";
			sourceTree = "<group>";
		};
		CCA3D73C1906477E00A13FBE /* FXForms */ = {
			isa = PBXGroup;
			children = (
				CCA3D73D190647BB00A13FBE /* FXForms.h */,
				CCA3D73E190647BB00A13FBE /* FXForms.m */,
			);
			name = FXForms;
			path = ../../FXForms;
			sourceTree = "<group>";
		};
		CCA3D7451906486B00A13FBE /* Controllers */ = {
			isa = PBXGroup;
			children = (
				CCA3D7461906487500A13FBE /* AppDelegate.h */,
				CCA3D7471906487500A13FBE /* AppDelegate.m */,
				CCA3D749190648A800A13FBE /* FormViewController.h */,
				CCA3D74A190648A800A13FBE /* FormViewController.m */,
			);
			name = Controllers;
			sourceTree = "<group>";
		};
		CCA3D74E19064AD600A13FBE /* Models */ = {
			isa = PBXGroup;
			children = (
				CCA3D74F19064AF000A13FBE /* InformationForm.h */,
				CCA3D75019064AF000A13FBE /* InformationForm.m */,
				CC33ED44190E309A00451C49 /* AddressForm.h */,
				CC33ED45190E309A00451C49 /* AddressForm.m */,
			);
			name = Models;
			sourceTree = "<group>";
		};
/* End PBXGroup section */

/* Begin PBXNativeTarget section */
		CCA3D7091906475900A13FBE /* OneToManyExample */ = {
			isa = PBXNativeTarget;
			buildConfigurationList = CCA3D7361906475900A13FBE /* Build configuration list for PBXNativeTarget "OneToManyExample" */;
			buildPhases = (
				CCA3D7061906475900A13FBE /* Sources */,
				CCA3D7071906475900A13FBE /* Frameworks */,
				CCA3D7081906475900A13FBE /* Resources */,
			);
			buildRules = (
			);
			dependencies = (
			);
			name = OneToManyExample;
			productName = OneToManyExample;
			productReference = CCA3D70A1906475900A13FBE /* OneToManyExample.app */;
			productType = "com.apple.product-type.application";
		};
/* End PBXNativeTarget section */

/* Begin PBXProject section */
		CCA3D7021906475900A13FBE /* Project object */ = {
			isa = PBXProject;
			attributes = {
				LastUpgradeCheck = 0510;
				ORGANIZATIONNAME = "A Strange Loop";
			};
			buildConfigurationList = CCA3D7051906475900A13FBE /* Build configuration list for PBXProject "OneToManyExample" */;
			compatibilityVersion = "Xcode 3.2";
			developmentRegion = English;
			hasScannedForEncodings = 0;
			knownRegions = (
				en,
			);
			mainGroup = CCA3D7011906475900A13FBE;
			productRefGroup = CCA3D70B1906475900A13FBE /* Products */;
			projectDirPath = "";
			projectRoot = "";
			targets = (
				CCA3D7091906475900A13FBE /* OneToManyExample */,
			);
		};
/* End PBXProject section */

/* Begin PBXResourcesBuildPhase section */
		CCA3D7081906475900A13FBE /* Resources */ = {
			isa = PBXResourcesBuildPhase;
			buildActionMask = 2147483647;
			files = (
				CCA3D7181906475900A13FBE /* InfoPlist.strings in Resources */,
				CCA3D74D1906496400A13FBE /* Images.xcassets in Resources */,
			);
			runOnlyForDeploymentPostprocessing = 0;
		};
/* End PBXResourcesBuildPhase section */

/* Begin PBXSourcesBuildPhase section */
		CCA3D7061906475900A13FBE /* Sources */ = {
			isa = PBXSourcesBuildPhase;
			buildActionMask = 2147483647;
			files = (
				CC33ED46190E309A00451C49 /* AddressForm.m in Sources */,
				CCA3D75119064AF000A13FBE /* InformationForm.m in Sources */,
				CCA3D7481906487500A13FBE /* AppDelegate.m in Sources */,
				CCA3D74B190648A800A13FBE /* FormViewController.m in Sources */,
				CCA3D73F190647BB00A13FBE /* FXForms.m in Sources */,
				CCA3D71A1906475900A13FBE /* main.m in Sources */,
			);
			runOnlyForDeploymentPostprocessing = 0;
		};
/* End PBXSourcesBuildPhase section */

/* Begin PBXVariantGroup section */
		CCA3D7161906475900A13FBE /* InfoPlist.strings */ = {
			isa = PBXVariantGroup;
			children = (
				CCA3D7171906475900A13FBE /* en */,
			);
			name = InfoPlist.strings;
			sourceTree = "<group>";
		};
/* End PBXVariantGroup section */

/* Begin XCBuildConfiguration section */
		CCA3D7341906475900A13FBE /* Debug */ = {
			isa = XCBuildConfiguration;
			buildSettings = {
				ALWAYS_SEARCH_USER_PATHS = NO;
				CLANG_CXX_LANGUAGE_STANDARD = "gnu++0x";
				CLANG_CXX_LIBRARY = "libc++";
				CLANG_ENABLE_MODULES = YES;
				CLANG_ENABLE_OBJC_ARC = YES;
				CLANG_WARN_BOOL_CONVERSION = YES;
				CLANG_WARN_CONSTANT_CONVERSION = YES;
				CLANG_WARN_DIRECT_OBJC_ISA_USAGE = YES_ERROR;
				CLANG_WARN_EMPTY_BODY = YES;
				CLANG_WARN_ENUM_CONVERSION = YES;
				CLANG_WARN_INT_CONVERSION = YES;
				CLANG_WARN_OBJC_ROOT_CLASS = YES_ERROR;
				CLANG_WARN__DUPLICATE_METHOD_MATCH = YES;
				"CODE_SIGN_IDENTITY[sdk=iphoneos*]" = "iPhone Developer";
				COPY_PHASE_STRIP = NO;
				GCC_C_LANGUAGE_STANDARD = gnu99;
				GCC_DYNAMIC_NO_PIC = NO;
				GCC_OPTIMIZATION_LEVEL = 0;
				GCC_PREPROCESSOR_DEFINITIONS = (
					"DEBUG=1",
					"$(inherited)",
				);
				GCC_SYMBOLS_PRIVATE_EXTERN = NO;
				GCC_WARN_64_TO_32_BIT_CONVERSION = YES;
				GCC_WARN_ABOUT_RETURN_TYPE = YES_ERROR;
				GCC_WARN_UNDECLARED_SELECTOR = YES;
				GCC_WARN_UNINITIALIZED_AUTOS = YES_AGGRESSIVE;
				GCC_WARN_UNUSED_FUNCTION = YES;
				GCC_WARN_UNUSED_VARIABLE = YES;
				IPHONEOS_DEPLOYMENT_TARGET = 7.1;
				ONLY_ACTIVE_ARCH = YES;
				SDKROOT = iphoneos;
			};
			name = Debug;
		};
		CCA3D7351906475900A13FBE /* Release */ = {
			isa = XCBuildConfiguration;
			buildSettings = {
				ALWAYS_SEARCH_USER_PATHS = NO;
				CLANG_CXX_LANGUAGE_STANDARD = "gnu++0x";
				CLANG_CXX_LIBRARY = "libc++";
				CLANG_ENABLE_MODULES = YES;
				CLANG_ENABLE_OBJC_ARC = YES;
				CLANG_WARN_BOOL_CONVERSION = YES;
				CLANG_WARN_CONSTANT_CONVERSION = YES;
				CLANG_WARN_DIRECT_OBJC_ISA_USAGE = YES_ERROR;
				CLANG_WARN_EMPTY_BODY = YES;
				CLANG_WARN_ENUM_CONVERSION = YES;
				CLANG_WARN_INT_CONVERSION = YES;
				CLANG_WARN_OBJC_ROOT_CLASS = YES_ERROR;
				CLANG_WARN__DUPLICATE_METHOD_MATCH = YES;
				"CODE_SIGN_IDENTITY[sdk=iphoneos*]" = "iPhone Developer";
				COPY_PHASE_STRIP = YES;
				ENABLE_NS_ASSERTIONS = NO;
				GCC_C_LANGUAGE_STANDARD = gnu99;
				GCC_WARN_64_TO_32_BIT_CONVERSION = YES;
				GCC_WARN_ABOUT_RETURN_TYPE = YES_ERROR;
				GCC_WARN_UNDECLARED_SELECTOR = YES;
				GCC_WARN_UNINITIALIZED_AUTOS = YES_AGGRESSIVE;
				GCC_WARN_UNUSED_FUNCTION = YES;
				GCC_WARN_UNUSED_VARIABLE = YES;
				IPHONEOS_DEPLOYMENT_TARGET = 7.1;
				SDKROOT = iphoneos;
				VALIDATE_PRODUCT = YES;
			};
			name = Release;
		};
		CCA3D7371906475900A13FBE /* Debug */ = {
			isa = XCBuildConfiguration;
			buildSettings = {
				ASSETCATALOG_COMPILER_APPICON_NAME = AppIcon;
				ASSETCATALOG_COMPILER_LAUNCHIMAGE_NAME = LaunchImage;
				GCC_PRECOMPILE_PREFIX_HEADER = YES;
				INFOPLIST_FILE = "$(SRCROOT)/Classes/OneToManyExample-Info.plist";
				IPHONEOS_DEPLOYMENT_TARGET = 6.0;
				PRODUCT_NAME = "$(TARGET_NAME)";
				WRAPPER_EXTENSION = app;
			};
			name = Debug;
		};
		CCA3D7381906475900A13FBE /* Release */ = {
			isa = XCBuildConfiguration;
			buildSettings = {
				ASSETCATALOG_COMPILER_APPICON_NAME = AppIcon;
				ASSETCATALOG_COMPILER_LAUNCHIMAGE_NAME = LaunchImage;
				GCC_PRECOMPILE_PREFIX_HEADER = YES;
				INFOPLIST_FILE = "$(SRCROOT)/Classes/OneToManyExample-Info.plist";
				IPHONEOS_DEPLOYMENT_TARGET = 6.0;
				PRODUCT_NAME = "$(TARGET_NAME)";
				WRAPPER_EXTENSION = app;
			};
			name = Release;
		};
/* End XCBuildConfiguration section */

/* Begin XCConfigurationList section */
		CCA3D7051906475900A13FBE /* Build configuration list for PBXProject "OneToManyExample" */ = {
			isa = XCConfigurationList;
			buildConfigurations = (
				CCA3D7341906475900A13FBE /* Debug */,
				CCA3D7351906475900A13FBE /* Release */,
			);
			defaultConfigurationIsVisible = 0;
			defaultConfigurationName = Release;
		};
		CCA3D7361906475900A13FBE /* Build configuration list for PBXNativeTarget "OneToManyExample" */ = {
			isa = XCConfigurationList;
			buildConfigurations = (
				CCA3D7371906475900A13FBE /* Debug */,
				CCA3D7381906475900A13FBE /* Release */,
			);
			defaultConfigurationIsVisible = 0;
			defaultConfigurationName = Release;
		};
/* End XCConfigurationList section */
	};
	rootObject = CCA3D7021906475900A13FBE /* Project object */;
}
